
Microsoft Visual Studio Solution File, Format Version 12.00
# Visual Studio 2013
VisualStudioVersion = 12.0.40629.0
MinimumVisualStudioVersion = 10.0.40219.1
Project("{FAE04EC0-301F-11D3-BF4B-00C04F79EFBC}") = "Trivago", "Test\Trivago.csproj", "{585CE682-1D96-453E-AE78-BE32B7E58FE0}"
EndProject
Project("{2150E333-8FDC-42A3-9474-1A3956D46DE8}") = ".nuget", ".nuget", "{FA4AAE52-CFA8-43F8-AFD0-F473E1F8427D}"
EndProject
Project("{FAE04EC0-301F-11D3-BF4B-00C04F79EFBC}") = "Config", "Config\Config.csproj", "{2CA6AA32-CB1A-48E4-9C36-8255B01EB487}"
EndProject
Global
	GlobalSection(SolutionConfigurationPlatforms) = preSolution
		Debug|Any CPU = Debug|Any CPU
		Release|Any CPU = Release|Any CPU
	EndGlobalSection
	GlobalSection(ProjectConfigurationPlatforms) = postSolution
		{585CE682-1D96-453E-AE78-BE32B7E58FE0}.Debug|Any CPU.ActiveCfg = Debug|Any CPU
		{585CE682-1D96-453E-AE78-BE32B7E58FE0}.Debug|Any CPU.Build.0 = Debug|Any CPU
		{585CE682-1D96-453E-AE78-BE32B7E58FE0}.Release|Any CPU.ActiveCfg = Release|Any CPU
		{585CE682-1D96-453E-AE78-BE32B7E58FE0}.Release|Any CPU.Build.0 = Release|Any CPU
		{2CA6AA32-CB1A-48E4-9C36-8255B01EB487}.Debug|Any CPU.ActiveCfg = Debug|Any CPU
		{2CA6AA32-CB1A-48E4-9C36-8255B01EB487}.Debug|Any CPU.Build.0 = Debug|Any CPU
		{2CA6AA32-CB1A-48E4-9C36-8255B01EB487}.Release|Any CPU.ActiveCfg = Release|Any CPU
		{2CA6AA32-CB1A-48E4-9C36-8255B01EB487}.Release|Any CPU.Build.0 = Release|Any CPU
	EndGlobalSection
	GlobalSection(SolutionProperties) = preSolution
		HideSolutionNode = FALSE
	EndGlobalSection
EndGlobal
